PODS:
  - AFNetworking (4.0.1):
    - AFNetworking/NSURLSession (= 4.0.1)
    - AFNetworking/Reachability (= 4.0.1)
    - AFNetworking/Security (= 4.0.1)
    - AFNetworking/Serialization (= 4.0.1)
    - AFNetworking/UIKit (= 4.0.1)
  - AFNetworking/NSURLSession (4.0.1):
    - AFNetworking/Reachability
    - AFNetworking/Security
    - AFNetworking/Serialization
  - AFNetworking/Reachability (4.0.1)
  - AFNetworking/Security (4.0.1)
  - AFNetworking/Serialization (4.0.1)
  - AFNetworking/UIKit (4.0.1):
    - AFNetworking/NSURLSession
  - f_tx_superplayer (0.0.1):
    - Flutter
    - SuperPlayer
  - Flutter (1.0.0)
  - Masonry (1.1.0)
  - SDWebImage (5.11.1):
    - SDWebImage/Core (= 5.11.1)
  - SDWebImage/Core (5.11.1)
  - SuperPlayer (3.4.3):
    - AFNetworking
    - Masonry
    - SDWebImage
    - SuperPlayer/Player (= 3.4.3)
  - SuperPlayer/Player (3.4.3):
    - AFNetworking
    - Masonry
    - SDWebImage
    - TXLiteAVSDK_Player
  - TXLiteAVSDK_Player (8.9.10361)
  - video_player (0.0.1):
    - Flutter
  - wakelock (0.0.1):
    - Flutter
  - webview_flutter (0.0.1):
    - Flutter

DEPENDENCIES:
  - f_tx_superplayer (from `.symlinks/plugins/f_tx_superplayer/ios`)
  - Flutter (from `Flutter`)
  - video_player (from `.symlinks/plugins/video_player/ios`)
  - wakelock (from `.symlinks/plugins/wakelock/ios`)
  - webview_flutter (from `.symlinks/plugins/webview_flutter/ios`)

SPEC REPOS:
  trunk:
    - AFNetworking
    - Masonry
    - SDWebImage
    - SuperPlayer
    - TXLiteAVSDK_Player

EXTERNAL SOURCES:
  f_tx_superplayer:
    :path: ".symlinks/plugins/f_tx_superplayer/ios"
  Flutter:
    :path: Flutter
  video_player:
    :path: ".symlinks/plugins/video_player/ios"
  wakelock:
    :path: ".symlinks/plugins/wakelock/ios"
  webview_flutter:
    :path: ".symlinks/plugins/webview_flutter/ios"

SPEC CHECKSUMS:
  AFNetworking: 7864c38297c79aaca1500c33288e429c3451fdce
  f_tx_superplayer: 84f6ba8d7a6456733c52f582cf915eea82e138b4
  Flutter: 434fef37c0980e73bb6479ef766c45957d4b510c
  Masonry: 678fab65091a9290e40e2832a55e7ab731aad201
  SDWebImage: a7f831e1a65eb5e285e3fb046a23fcfbf08e696d
  SuperPlayer: 5cb4306859deb6099b012f0af16fca54a5ae2013
  TXLiteAVSDK_Player: 30964b3c11e19a54d5987231f3dae7a8d6b79472
  video_player: 9cc823b1d9da7e8427ee591e8438bfbcde500e6e
  wakelock: b0843b2479edbf6504d8d262c2959446f35373aa
  webview_flutter: 3603125dfd3bcbc9d8d418c3f80aeecf331c068b

PODFILE CHECKSUM: 8e679eca47255a8ca8067c4c67aab20e64cb974d

COCOAPODS: 1.9.0
